
Microsoft Visual Studio Solution File, Format Version 12.00
# Visual Studio 11
Project("{8BC9CEB8-8B4A-11D0-8D11-00A0C91BC942}") = "Last Program", "Last Program\Last Program.vcxproj", "{3F9AF9A4-5498-9FB6-E2F0-82ADC00B0825}"
EndProject
Global
	GlobalSection(SolutionConfigurationPlatforms) = preSolution
		Debug|Win32 = Debug|Win32
		Release|Win32 = Release|Win32
	EndGlobalSection
	GlobalSection(ProjectConfigurationPlatforms) = postSolution
		{3F9AF9A4-5498-9FB6-E2F0-82ADC00B0825}.Debug|Win32.ActiveCfg = Debug|Win32
		{3F9AF9A4-5498-9FB6-E2F0-82ADC00B0825}.Debug|Win32.Build.0 = Debug|Win32
		{3F9AF9A4-5498-9FB6-E2F0-82ADC00B0825}.Release|Win32.ActiveCfg = Release|Win32
		{3F9AF9A4-5498-9FB6-E2F0-82ADC00B0825}.Release|Win32.Build.0 = Release|Win32
	EndGlobalSection
	GlobalSection(SolutionProperties) = preSolution
		HideSolutionNode = FALSE
	EndGlobalSection
EndGlobal
